github.com/BurntSushi/toml v0.3.1 h1:WXkYYl6Yr3qBf1K79EBnL4mak0OimBfB0XUf9Vl28OQ=
github.com/BurntSushi/toml v0.3.1/go.mod h1:xHWCNGjB5oqiDr8zfno3MHue2Ht5sIBksp03qcyfWMU=
github.com/davecgh/go-spew v1.1.1/go.mod h1:J7Y8YcW2NihsgmVo/mv3lAwl/skON4iLHjSsI+c5H38=
github.com/go-akka/configuration v0.0.0-20190109144621-439b15a79294 h1:ZERecv3t4Wm0FDHw7evoTBJLFl/j092rEF4D1AoRIKY=
github.com/go-akka/configuration v0.0.0-20190109144621-439b15a79294/go.mod h1:19bUnum2ZAeftfwwLZ/wRe7idyfoW2MfmXO464Hrfbw=
github.com/gogap/config v0.0.0-20180418140818-a1522129698c h1:oVHVSEbuanJ2BEjyLUlopElV06URa2mvT1oQSnu7zPI=
github.com/gogap/config v0.0.0-20180418140818-a1522129698c/go.mod h1:oBHg+chXMdjU9A6Dfj0vg/1ir/isLEGXftHwj70ZsV8=
github.com/gogap/logrus_mate v1.1.0 h1:DJXhy5P8/Dc0qxoKrsh0VnwENooZeEv1XehQXOnoNeY=
github.com/gogap/logrus_mate v1.1.0/go.mod h1:BlkwmwrCtsst1qxpY98I83RZZCBOdddEJ5qwbZhsR+o=
github.com/konsorten/go-windows-terminal-sequences v1.0.1 h1:mweAR1A6xJ3oS2pRaGiHgQ4OO8tzTaLawm8vnODuwDk=
github.com/konsorten/go-windows-terminal-sequences v1.0.1/go.mod h1:T0+1ngSBFLxvqU3pZ+m/2kptfBszLMUkC4ZK/EgS/cQ=
github.com/lestrrat-go/file-rotatelogs v2.2.0+incompatible h1:eXEwY0f2h6mcobdAxm4VRSWds4tqmlLdUqxu8ybiEEA=
github.com/lestrrat-go/file-rotatelogs v2.2.0+incompatible/go.mod h1:ZQnN8lSECaebrkQytbHj4xNgtg8CR7RYXnPok8e0EHA=
github.com/lestrrat-go/strftime v0.0.0-20180821113735-8b31f9c59b0f h1:/o/LRlB6dBTBNViFglNdGfsDHBjdL8Yvfm7qQE4ZUh0=
github.com/lestrrat-go/strftime v0.0.0-20180821113735-8b31f9c59b0f/go.mod h1:RMlXygAD3c48Psmr06d2G75L4E4xxzxkIe/+ppX9eAU=
github.com/mysll/toolkit v0.0.0-20181212114411-d7e9ee9047dd h1:S9xdMxgfwIObe4FT3mJ4Ydt3u0c4fknLCWPG6UtcdPU=
github.com/mysll/toolkit v0.0.0-20181212114411-d7e9ee9047dd/go.mod h1:dDSfEcNoFtgJILhS7kgw7QltqPuB5f4xxsVM3/2ZnCg=
github.com/mysll/turboengine v0.0.0-20190529015905-677f53e15742 h1:tsHOYfqXw+GJzPn7uQky4oEKflJwi2dWmHgNjg7BR34=
github.com/nggenius/ngengine v0.0.0-20190109064020-6b57305fab97 h1:WYlZf3TmTaMdTEyFTK7WbkOyR0RnQi8OMwfDs3no03U=
github.com/nggenius/ngengine v0.0.0-20190109064020-6b57305fab97/go.mod h1:qOUaHqPo7CWzxcMzdWlZ+I60/TSkZLt05uAmqzaTBqA=
github.com/pkg/errors v0.8.1 h1:iURUrRGxPUNPdy5/HRSm+Yj6okJ6UtLINN0Q9M4+h3I=
github.com/pkg/errors v0.8.1/go.mod h1:bwawxfHBFNV+L2hUp1rHADufV3IMtnDRdf1r5NINEl0=
github.com/pmezard/go-difflib v1.0.0/go.mod h1:iKH77koFhYxTK1pcRnkKkqfTogsbg7gZNVY4sRDYZ/4=
github.com/sirupsen/logrus v1.4.2 h1:SPIRibHv4MatM3XXNO2BJeFLZwZ2LvZgfQ5+UNI2im4=
github.com/sirupsen/logrus v1.4.2/go.mod h1:tLMulIdttU9McNUspp0xgXVQah82FyeX6MwdIuYE2rE=
github.com/stretchr/objx v0.1.1/go.mod h1:HFkY916IF+rwdDfMAkV7OtwuqBVzrE8GR6GFx+wExME=
github.com/stretchr/testify v1.2.2/go.mod h1:a8OnRcib4nhh0OaRAV+Yts87kKdq0PP7pXfy6kDkUVs=
golang.org/x/crypto v0.0.0-20190308221718-c2843e01d9a2/go.mod h1:djNgcEr1/C05ACkg1iLfiJU5Ep61QUkGW8qpdssI0+w=
golang.org/x/net v0.0.0-20190522155817-f3200d17e092 h1:4QSRKanuywn15aTZvI/mIDEgPQpswuFndXpOj3rKEco=
golang.org/x/net v0.0.0-20190522155817-f3200d17e092/go.mod h1:HSz+uSET+XFnRR8LxR5pz3Of3rY3CfYBVs4xY44aLks=
golang.org/x/sys v0.0.0-20190215142949-d0b11bdaac8a/go.mod h1:STP8DvDyc/dI5b8T5hshtkjS+E42TnysNCUPdjciGhY=
golang.org/x/sys v0.0.0-20190422165155-953cdadca894/go.mod h1:h1NjWce9XRLGQEsW7wpKNCjG9DtNlClVuFLEZdDNbEs=
golang.org/x/text v0.3.0/go.mod h1:NqM8EUOU14njkJ3fqMW+pc6Ldnwhi/IjpwHt7yyuwOQ=
